
Microsoft Visual Studio Solution File, Format Version 12.00
# Visual Studio Version 17
VisualStudioVersion = 17.4.33110.190
MinimumVisualStudioVersion = 10.0.40219.1
Project("{FAE04EC0-301F-11D3-BF4B-00C04F79EFBC}") = "ColoniasYCerros", "ColoniasYCerros\ColoniasYCerros.csproj", "{0A317550-0319-4D06-90F3-79BE457CE58B}"
EndProject
Global
	GlobalSection(SolutionConfigurationPlatforms) = preSolution
		Debug|Any CPU = Debug|Any CPU
		Release|Any CPU = Release|Any CPU
	EndGlobalSection
	GlobalSection(ProjectConfigurationPlatforms) = postSolution
		{0A317550-0319-4D06-90F3-79BE457CE58B}.Debug|Any CPU.ActiveCfg = Debug|Any CPU
		{0A317550-0319-4D06-90F3-79BE457CE58B}.Debug|Any CPU.Build.0 = Debug|Any CPU
		{0A317550-0319-4D06-90F3-79BE457CE58B}.Release|Any CPU.ActiveCfg = Release|Any CPU
		{0A317550-0319-4D06-90F3-79BE457CE58B}.Release|Any CPU.Build.0 = Release|Any CPU
	EndGlobalSection
	GlobalSection(SolutionProperties) = preSolution
		HideSolutionNode = FALSE
	EndGlobalSection
	GlobalSection(ExtensibilityGlobals) = postSolution
		SolutionGuid = {6AE251A4-B1E6-4BD4-9C35-48F01DC1D663}
	EndGlobalSection
EndGlobal
